
Microsoft Visual Studio Solution File, Format Version 12.00
# Visual Studio Version 17
VisualStudioVersion = 17.6.33829.357
MinimumVisualStudioVersion = 10.0.40219.1
Project("{FAE04EC0-301F-11D3-BF4B-00C04F79EFBC}") = "Script_CEP", "Script_CEP\Script_CEP.csproj", "{F22724E8-FE27-4486-A419-7ECF8CB510C5}"
EndProject
Global
	GlobalSection(SolutionConfigurationPlatforms) = preSolution
		Debug|Any CPU = Debug|Any CPU
		Release|Any CPU = Release|Any CPU
	EndGlobalSection
	GlobalSection(ProjectConfigurationPlatforms) = postSolution
		{F22724E8-FE27-4486-A419-7ECF8CB510C5}.Debug|Any CPU.ActiveCfg = Debug|Any CPU
		{F22724E8-FE27-4486-A419-7ECF8CB510C5}.Debug|Any CPU.Build.0 = Debug|Any CPU
		{F22724E8-FE27-4486-A419-7ECF8CB510C5}.Release|Any CPU.ActiveCfg = Release|Any CPU
		{F22724E8-FE27-4486-A419-7ECF8CB510C5}.Release|Any CPU.Build.0 = Release|Any CPU
	EndGlobalSection
	GlobalSection(SolutionProperties) = preSolution
		HideSolutionNode = FALSE
	EndGlobalSection
	GlobalSection(ExtensibilityGlobals) = postSolution
		SolutionGuid = {E63DA506-7094-488F-AC73-6A27AC26E894}
	EndGlobalSection
EndGlobal
